
Microsoft Visual Studio Solution File, Format Version 12.00
# Visual Studio Version 17
VisualStudioVersion = 17.5.33424.131
MinimumVisualStudioVersion = 10.0.40219.1
Project("{F184B08F-C81C-45F6-A57F-5ABD9991F28F}") = "WinFormsApp1", "WinFormsApp1\WinFormsApp1.vbproj", "{A62E36A6-66B9-4383-8DA3-B55E9CA9CC89}"
EndProject
Global
	GlobalSection(SolutionConfigurationPlatforms) = preSolution
		Debug|Any CPU = Debug|Any CPU
		Release|Any CPU = Release|Any CPU
	EndGlobalSection
	GlobalSection(ProjectConfigurationPlatforms) = postSolution
		{A62E36A6-66B9-4383-8DA3-B55E9CA9CC89}.Debug|Any CPU.ActiveCfg = Debug|Any CPU
		{A62E36A6-66B9-4383-8DA3-B55E9CA9CC89}.Debug|Any CPU.Build.0 = Debug|Any CPU
		{A62E36A6-66B9-4383-8DA3-B55E9CA9CC89}.Release|Any CPU.ActiveCfg = Release|Any CPU
		{A62E36A6-66B9-4383-8DA3-B55E9CA9CC89}.Release|Any CPU.Build.0 = Release|Any CPU
	EndGlobalSection
	GlobalSection(SolutionProperties) = preSolution
		HideSolutionNode = FALSE
	EndGlobalSection
	GlobalSection(ExtensibilityGlobals) = postSolution
		SolutionGuid = {51E42418-8E64-425B-A7A9-37FFA4D1001A}
	EndGlobalSection
EndGlobal
